
Microsoft Visual Studio Solution File, Format Version 12.00
# Visual Studio Version 16
VisualStudioVersion = 16.0.29911.84
MinimumVisualStudioVersion = 10.0.40219.1
Project("{FAE04EC0-301F-11D3-BF4B-00C04F79EFBC}") = "ssp7wq_gyak10", "ssp7wq_gyak10\ssp7wq_gyak10.csproj", "{24DC021A-0CAE-453D-A301-C7AF50CAF348}"
EndProject
Global
	GlobalSection(SolutionConfigurationPlatforms) = preSolution
		Debug|Any CPU = Debug|Any CPU
		Release|Any CPU = Release|Any CPU
	EndGlobalSection
	GlobalSection(ProjectConfigurationPlatforms) = postSolution
		{24DC021A-0CAE-453D-A301-C7AF50CAF348}.Debug|Any CPU.ActiveCfg = Debug|Any CPU
		{24DC021A-0CAE-453D-A301-C7AF50CAF348}.Debug|Any CPU.Build.0 = Debug|Any CPU
		{24DC021A-0CAE-453D-A301-C7AF50CAF348}.Release|Any CPU.ActiveCfg = Release|Any CPU
		{24DC021A-0CAE-453D-A301-C7AF50CAF348}.Release|Any CPU.Build.0 = Release|Any CPU
	EndGlobalSection
	GlobalSection(SolutionProperties) = preSolution
		HideSolutionNode = FALSE
	EndGlobalSection
	GlobalSection(ExtensibilityGlobals) = postSolution
		SolutionGuid = {FC36331D-14BF-4928-9F4B-FD053551809D}
	EndGlobalSection
EndGlobal
